
Microsoft Visual Studio Solution File, Format Version 12.00
# Visual Studio Version 16
VisualStudioVersion = 16.0.30114.105
MinimumVisualStudioVersion = 10.0.40219.1
Project("{9A19103F-16F7-4668-BE54-9A1E7A4F7556}") = "XamXpoV2", "XamXpoV2\XamXpoV2.csproj", "{1DCED6B0-8A52-4F79-ABD6-F13C00434E61}"
EndProject
Project("{FAE04EC0-301F-11D3-BF4B-00C04F79EFBC}") = "XamXpoV2.Android", "XamXpoV2.Android\XamXpoV2.Android.csproj", "{58C97A0E-06FC-41A6-BAF2-0FDA36A20798}"
EndProject
Project("{FAE04EC0-301F-11D3-BF4B-00C04F79EFBC}") = "XamXpoV2.iOS", "XamXpoV2.iOS\XamXpoV2.iOS.csproj", "{2591D1C3-A58C-49C1-872D-D5385C1CC984}"
EndProject
Project("{9A19103F-16F7-4668-BE54-9A1E7A4F7556}") = "OrmV2", "..\OrmV2\OrmV2.csproj", "{0320432A-5C23-4238-99BA-D498956C2B60}"
EndProject
Project("{2150E333-8FDC-42A3-9474-1A3956D46DE8}") = "Xamarin", "Xamarin", "{3E0050C5-CDD9-4BD5-925C-954FCD2ED526}"
EndProject
Project("{2150E333-8FDC-42A3-9474-1A3956D46DE8}") = "WebApi", "WebApi", "{D65F01F4-5F68-4DFD-87DB-324A2F13A586}"
EndProject
Project("{9A19103F-16F7-4668-BE54-9A1E7A4F7556}") = "BitServer", "BitServer\BitServer.csproj", "{0C587957-9F61-4AB5-A628-D720202696F6}"
EndProject
Project("{FAE04EC0-301F-11D3-BF4B-00C04F79EFBC}") = "XafBackend.Module", "XafBackend.Module\XafBackend.Module.csproj", "{E0532380-B5C3-4B35-98B2-2B0FDA1EB330}"
EndProject
Project("{FAE04EC0-301F-11D3-BF4B-00C04F79EFBC}") = "XafBackend.Module.Win", "XafBackend.Module.Win\XafBackend.Module.Win.csproj", "{0D5A8419-95A0-4230-8644-C5F1F608D5C6}"
EndProject
Project("{FAE04EC0-301F-11D3-BF4B-00C04F79EFBC}") = "XafBackend.Win", "XafBackend.Win\XafBackend.Win.csproj", "{936DF8C0-17A7-422A-9260-FE5052B75CB1}"
EndProject
Project("{2150E333-8FDC-42A3-9474-1A3956D46DE8}") = "Backend", "Backend", "{7926E92A-B8DC-4735-88AF-5BFEC12BC9EE}"
EndProject
Global
	GlobalSection(SolutionConfigurationPlatforms) = preSolution
		Ad-Hoc|Any CPU = Ad-Hoc|Any CPU
		Ad-Hoc|iPhone = Ad-Hoc|iPhone
		Ad-Hoc|iPhoneSimulator = Ad-Hoc|iPhoneSimulator
		AppStore|Any CPU = AppStore|Any CPU
		AppStore|iPhone = AppStore|iPhone
		AppStore|iPhoneSimulator = AppStore|iPhoneSimulator
		Debug|Any CPU = Debug|Any CPU
		Debug|iPhone = Debug|iPhone
		Debug|iPhoneSimulator = Debug|iPhoneSimulator
		EasyTest|Any CPU = EasyTest|Any CPU
		EasyTest|iPhone = EasyTest|iPhone
		EasyTest|iPhoneSimulator = EasyTest|iPhoneSimulator
		Release|Any CPU = Release|Any CPU
		Release|iPhone = Release|iPhone
		Release|iPhoneSimulator = Release|iPhoneSimulator
	EndGlobalSection
	GlobalSection(ProjectConfigurationPlatforms) = postSolution
		{1DCED6B0-8A52-4F79-ABD6-F13C00434E61}.Ad-Hoc|Any CPU.ActiveCfg = Debug|Any CPU
		{1DCED6B0-8A52-4F79-ABD6-F13C00434E61}.Ad-Hoc|Any CPU.Build.0 = Debug|Any CPU
		{1DCED6B0-8A52-4F79-ABD6-F13C00434E61}.Ad-Hoc|iPhone.ActiveCfg = Debug|Any CPU
		{1DCED6B0-8A52-4F79-ABD6-F13C00434E61}.Ad-Hoc|iPhone.Build.0 = Debug|Any CPU
		{1DCED6B0-8A52-4F79-ABD6-F13C00434E61}.Ad-Hoc|iPhoneSimulator.ActiveCfg = Debug|Any CPU
		{1DCED6B0-8A52-4F79-ABD6-F13C00434E61}.Ad-Hoc|iPhoneSimulator.Build.0 = Debug|Any CPU
		{1DCED6B0-8A52-4F79-ABD6-F13C00434E61}.AppStore|Any CPU.ActiveCfg = Debug|Any CPU
		{1DCED6B0-8A52-4F79-ABD6-F13C00434E61}.AppStore|Any CPU.Build.0 = Debug|Any CPU
		{1DCED6B0-8A52-4F79-ABD6-F13C00434E61}.AppStore|iPhone.ActiveCfg = Debug|Any CPU
		{1DCED6B0-8A52-4F79-ABD6-F13C00434E61}.AppStore|iPhone.Build.0 = Debug|Any CPU
		{1DCED6B0-8A52-4F79-ABD6-F13C00434E61}.AppStore|iPhoneSimulator.ActiveCfg = Debug|Any CPU
		{1DCED6B0-8A52-4F79-ABD6-F13C00434E61}.AppStore|iPhoneSimulator.Build.0 = Debug|Any CPU
		{1DCED6B0-8A52-4F79-ABD6-F13C00434E61}.Debug|Any CPU.ActiveCfg = Debug|Any CPU
		{1DCED6B0-8A52-4F79-ABD6-F13C00434E61}.Debug|Any CPU.Build.0 = Debug|Any CPU
		{1DCED6B0-8A52-4F79-ABD6-F13C00434E61}.Debug|iPhone.ActiveCfg = Debug|Any CPU
		{1DCED6B0-8A52-4F79-ABD6-F13C00434E61}.Debug|iPhone.Build.0 = Debug|Any CPU
		{1DCED6B0-8A52-4F79-ABD6-F13C00434E61}.Debug|iPhoneSimulator.ActiveCfg = Debug|Any CPU
		{1DCED6B0-8A52-4F79-ABD6-F13C00434E61}.Debug|iPhoneSimulator.Build.0 = Debug|Any CPU
		{1DCED6B0-8A52-4F79-ABD6-F13C00434E61}.EasyTest|Any CPU.ActiveCfg = Debug|Any CPU
		{1DCED6B0-8A52-4F79-ABD6-F13C00434E61}.EasyTest|Any CPU.Build.0 = Debug|Any CPU
		{1DCED6B0-8A52-4F79-ABD6-F13C00434E61}.EasyTest|iPhone.ActiveCfg = Debug|Any CPU
		{1DCED6B0-8A52-4F79-ABD6-F13C00434E61}.EasyTest|iPhone.Build.0 = Debug|Any CPU
		{1DCED6B0-8A52-4F79-ABD6-F13C00434E61}.EasyTest|iPhoneSimulator.ActiveCfg = Debug|Any CPU
		{1DCED6B0-8A52-4F79-ABD6-F13C00434E61}.EasyTest|iPhoneSimulator.Build.0 = Debug|Any CPU
		{1DCED6B0-8A52-4F79-ABD6-F13C00434E61}.Release|Any CPU.ActiveCfg = Release|Any CPU
		{1DCED6B0-8A52-4F79-ABD6-F13C00434E61}.Release|Any CPU.Build.0 = Release|Any CPU
		{1DCED6B0-8A52-4F79-ABD6-F13C00434E61}.Release|iPhone.ActiveCfg = Release|Any CPU
		{1DCED6B0-8A52-4F79-ABD6-F13C00434E61}.Release|iPhone.Build.0 = Release|Any CPU
		{1DCED6B0-8A52-4F79-ABD6-F13C00434E61}.Release|iPhoneSimulator.ActiveCfg = Release|Any CPU
		{1DCED6B0-8A52-4F79-ABD6-F13C00434E61}.Release|iPhoneSimulator.Build.0 = Release|Any CPU
		{58C97A0E-06FC-41A6-BAF2-0FDA36A20798}.Ad-Hoc|Any CPU.ActiveCfg = Release|Any CPU
		{58C97A0E-06FC-41A6-BAF2-0FDA36A20798}.Ad-Hoc|Any CPU.Build.0 = Release|Any CPU
		{58C97A0E-06FC-41A6-BAF2-0FDA36A20798}.Ad-Hoc|Any CPU.Deploy.0 = Release|Any CPU
		{58C97A0E-06FC-41A6-BAF2-0FDA36A20798}.Ad-Hoc|iPhone.ActiveCfg = Release|Any CPU
		{58C97A0E-06FC-41A6-BAF2-0FDA36A20798}.Ad-Hoc|iPhone.Build.0 = Release|Any CPU
		{58C97A0E-06FC-41A6-BAF2-0FDA36A20798}.Ad-Hoc|iPhone.Deploy.0 = Release|Any CPU
		{58C97A0E-06FC-41A6-BAF2-0FDA36A20798}.Ad-Hoc|iPhoneSimulator.ActiveCfg = Release|Any CPU
		{58C97A0E-06FC-41A6-BAF2-0FDA36A20798}.Ad-Hoc|iPhoneSimulator.Build.0 = Release|Any CPU
		{58C97A0E-06FC-41A6-BAF2-0FDA36A20798}.Ad-Hoc|iPhoneSimulator.Deploy.0 = Release|Any CPU
		{58C97A0E-06FC-41A6-BAF2-0FDA36A20798}.AppStore|Any CPU.ActiveCfg = Release|Any CPU
		{58C97A0E-06FC-41A6-BAF2-0FDA36A20798}.AppStore|Any CPU.Build.0 = Release|Any CPU
		{58C97A0E-06FC-41A6-BAF2-0FDA36A20798}.AppStore|Any CPU.Deploy.0 = Release|Any CPU
		{58C97A0E-06FC-41A6-BAF2-0FDA36A20798}.AppStore|iPhone.ActiveCfg = Release|Any CPU
		{58C97A0E-06FC-41A6-BAF2-0FDA36A20798}.AppStore|iPhone.Build.0 = Release|Any CPU
		{58C97A0E-06FC-41A6-BAF2-0FDA36A20798}.AppStore|iPhone.Deploy.0 = Release|Any CPU
		{58C97A0E-06FC-41A6-BAF2-0FDA36A20798}.AppStore|iPhoneSimulator.ActiveCfg = Release|Any CPU
		{58C97A0E-06FC-41A6-BAF2-0FDA36A20798}.AppStore|iPhoneSimulator.Build.0 = Release|Any CPU
		{58C97A0E-06FC-41A6-BAF2-0FDA36A20798}.AppStore|iPhoneSimulator.Deploy.0 = Release|Any CPU
		{58C97A0E-06FC-41A6-BAF2-0FDA36A20798}.Debug|Any CPU.ActiveCfg = Debug|Any CPU
		{58C97A0E-06FC-41A6-BAF2-0FDA36A20798}.Debug|Any CPU.Build.0 = Debug|Any CPU
		{58C97A0E-06FC-41A6-BAF2-0FDA36A20798}.Debug|Any CPU.Deploy.0 = Debug|Any CPU
		{58C97A0E-06FC-41A6-BAF2-0FDA36A20798}.Debug|iPhone.ActiveCfg = Debug|Any CPU
		{58C97A0E-06FC-41A6-BAF2-0FDA36A20798}.Debug|iPhone.Build.0 = Debug|Any CPU
		{58C97A0E-06FC-41A6-BAF2-0FDA36A20798}.Debug|iPhone.Deploy.0 = Debug|Any CPU
		{58C97A0E-06FC-41A6-BAF2-0FDA36A20798}.Debug|iPhoneSimulator.ActiveCfg = Debug|Any CPU
		{58C97A0E-06FC-41A6-BAF2-0FDA36A20798}.Debug|iPhoneSimulator.Build.0 = Debug|Any CPU
		{58C97A0E-06FC-41A6-BAF2-0FDA36A20798}.Debug|iPhoneSimulator.Deploy.0 = Debug|Any CPU
		{58C97A0E-06FC-41A6-BAF2-0FDA36A20798}.EasyTest|Any CPU.ActiveCfg = Release|Any CPU
		{58C97A0E-06FC-41A6-BAF2-0FDA36A20798}.EasyTest|Any CPU.Build.0 = Release|Any CPU
		{58C97A0E-06FC-41A6-BAF2-0FDA36A20798}.EasyTest|Any CPU.Deploy.0 = Release|Any CPU
		{58C97A0E-06FC-41A6-BAF2-0FDA36A20798}.EasyTest|iPhone.ActiveCfg = Release|Any CPU
		{58C97A0E-06FC-41A6-BAF2-0FDA36A20798}.EasyTest|iPhone.Build.0 = Release|Any CPU
		{58C97A0E-06FC-41A6-BAF2-0FDA36A20798}.EasyTest|iPhone.Deploy.0 = Release|Any CPU
		{58C97A0E-06FC-41A6-BAF2-0FDA36A20798}.EasyTest|iPhoneSimulator.ActiveCfg = Release|Any CPU
		{58C97A0E-06FC-41A6-BAF2-0FDA36A20798}.EasyTest|iPhoneSimulator.Build.0 = Release|Any CPU
		{58C97A0E-06FC-41A6-BAF2-0FDA36A20798}.EasyTest|iPhoneSimulator.Deploy.0 = Release|Any CPU
		{58C97A0E-06FC-41A6-BAF2-0FDA36A20798}.Release|Any CPU.ActiveCfg = Release|Any CPU
		{58C97A0E-06FC-41A6-BAF2-0FDA36A20798}.Release|Any CPU.Build.0 = Release|Any CPU
		{58C97A0E-06FC-41A6-BAF2-0FDA36A20798}.Release|Any CPU.Deploy.0 = Release|Any CPU
		{58C97A0E-06FC-41A6-BAF2-0FDA36A20798}.Release|iPhone.ActiveCfg = Release|Any CPU
		{58C97A0E-06FC-41A6-BAF2-0FDA36A20798}.Release|iPhone.Build.0 = Release|Any CPU
		{58C97A0E-06FC-41A6-BAF2-0FDA36A20798}.Release|iPhone.Deploy.0 = Release|Any CPU
		{58C97A0E-06FC-41A6-BAF2-0FDA36A20798}.Release|iPhoneSimulator.ActiveCfg = Release|Any CPU
		{58C97A0E-06FC-41A6-BAF2-0FDA36A20798}.Release|iPhoneSimulator.Build.0 = Release|Any CPU
		{58C97A0E-06FC-41A6-BAF2-0FDA36A20798}.Release|iPhoneSimulator.Deploy.0 = Release|Any CPU
		{2591D1C3-A58C-49C1-872D-D5385C1CC984}.Ad-Hoc|Any CPU.ActiveCfg = Ad-Hoc|iPhone
		{2591D1C3-A58C-49C1-872D-D5385C1CC984}.Ad-Hoc|iPhone.ActiveCfg = Ad-Hoc|iPhone
		{2591D1C3-A58C-49C1-872D-D5385C1CC984}.Ad-Hoc|iPhone.Build.0 = Ad-Hoc|iPhone
		{2591D1C3-A58C-49C1-872D-D5385C1CC984}.Ad-Hoc|iPhoneSimulator.ActiveCfg = Ad-Hoc|iPhoneSimulator
		{2591D1C3-A58C-49C1-872D-D5385C1CC984}.Ad-Hoc|iPhoneSimulator.Build.0 = Ad-Hoc|iPhoneSimulator
		{2591D1C3-A58C-49C1-872D-D5385C1CC984}.AppStore|Any CPU.ActiveCfg = AppStore|iPhone
		{2591D1C3-A58C-49C1-872D-D5385C1CC984}.AppStore|iPhone.ActiveCfg = AppStore|iPhone
		{2591D1C3-A58C-49C1-872D-D5385C1CC984}.AppStore|iPhone.Build.0 = AppStore|iPhone
		{2591D1C3-A58C-49C1-872D-D5385C1CC984}.AppStore|iPhoneSimulator.ActiveCfg = AppStore|iPhoneSimulator
		{2591D1C3-A58C-49C1-872D-D5385C1CC984}.AppStore|iPhoneSimulator.Build.0 = AppStore|iPhoneSimulator
		{2591D1C3-A58C-49C1-872D-D5385C1CC984}.Debug|Any CPU.ActiveCfg = Debug|iPhone
		{2591D1C3-A58C-49C1-872D-D5385C1CC984}.Debug|Any CPU.Build.0 = Debug|iPhone
		{2591D1C3-A58C-49C1-872D-D5385C1CC984}.Debug|iPhone.ActiveCfg = Debug|iPhone
		{2591D1C3-A58C-49C1-872D-D5385C1CC984}.Debug|iPhone.Build.0 = Debug|iPhone
		{2591D1C3-A58C-49C1-872D-D5385C1CC984}.Debug|iPhoneSimulator.ActiveCfg = Debug|iPhoneSimulator
		{2591D1C3-A58C-49C1-872D-D5385C1CC984}.Debug|iPhoneSimulator.Build.0 = Debug|iPhoneSimulator
		{2591D1C3-A58C-49C1-872D-D5385C1CC984}.EasyTest|Any CPU.ActiveCfg = AppStore|iPhone
		{2591D1C3-A58C-49C1-872D-D5385C1CC984}.EasyTest|Any CPU.Build.0 = AppStore|iPhone
		{2591D1C3-A58C-49C1-872D-D5385C1CC984}.EasyTest|Any CPU.Deploy.0 = AppStore|iPhone
		{2591D1C3-A58C-49C1-872D-D5385C1CC984}.EasyTest|iPhone.ActiveCfg = AppStore|iPhone
		{2591D1C3-A58C-49C1-872D-D5385C1CC984}.EasyTest|iPhone.Build.0 = AppStore|iPhone
		{2591D1C3-A58C-49C1-872D-D5385C1CC984}.EasyTest|iPhone.Deploy.0 = AppStore|iPhone
		{2591D1C3-A58C-49C1-872D-D5385C1CC984}.EasyTest|iPhoneSimulator.ActiveCfg = AppStore|iPhoneSimulator
		{2591D1C3-A58C-49C1-872D-D5385C1CC984}.EasyTest|iPhoneSimulator.Build.0 = AppStore|iPhoneSimulator
		{2591D1C3-A58C-49C1-872D-D5385C1CC984}.EasyTest|iPhoneSimulator.Deploy.0 = AppStore|iPhoneSimulator
		{2591D1C3-A58C-49C1-872D-D5385C1CC984}.Release|Any CPU.ActiveCfg = Release|iPhone
		{2591D1C3-A58C-49C1-872D-D5385C1CC984}.Release|Any CPU.Build.0 = Release|iPhone
		{2591D1C3-A58C-49C1-872D-D5385C1CC984}.Release|iPhone.ActiveCfg = Release|iPhone
		{2591D1C3-A58C-49C1-872D-D5385C1CC984}.Release|iPhone.Build.0 = Release|iPhone
		{2591D1C3-A58C-49C1-872D-D5385C1CC984}.Release|iPhoneSimulator.ActiveCfg = Release|iPhoneSimulator
		{2591D1C3-A58C-49C1-872D-D5385C1CC984}.Release|iPhoneSimulator.Build.0 = Release|iPhoneSimulator
		{0320432A-5C23-4238-99BA-D498956C2B60}.Ad-Hoc|Any CPU.ActiveCfg = Debug|Any CPU
		{0320432A-5C23-4238-99BA-D498956C2B60}.Ad-Hoc|Any CPU.Build.0 = Debug|Any CPU
		{0320432A-5C23-4238-99BA-D498956C2B60}.Ad-Hoc|iPhone.ActiveCfg = Debug|Any CPU
		{0320432A-5C23-4238-99BA-D498956C2B60}.Ad-Hoc|iPhone.Build.0 = Debug|Any CPU
		{0320432A-5C23-4238-99BA-D498956C2B60}.Ad-Hoc|iPhoneSimulator.ActiveCfg = Debug|Any CPU
		{0320432A-5C23-4238-99BA-D498956C2B60}.Ad-Hoc|iPhoneSimulator.Build.0 = Debug|Any CPU
		{0320432A-5C23-4238-99BA-D498956C2B60}.AppStore|Any CPU.ActiveCfg = Debug|Any CPU
		{0320432A-5C23-4238-99BA-D498956C2B60}.AppStore|Any CPU.Build.0 = Debug|Any CPU
		{0320432A-5C23-4238-99BA-D498956C2B60}.AppStore|iPhone.ActiveCfg = Debug|Any CPU
		{0320432A-5C23-4238-99BA-D498956C2B60}.AppStore|iPhone.Build.0 = Debug|Any CPU
		{0320432A-5C23-4238-99BA-D498956C2B60}.AppStore|iPhoneSimulator.ActiveCfg = Debug|Any CPU
		{0320432A-5C23-4238-99BA-D498956C2B60}.AppStore|iPhoneSimulator.Build.0 = Debug|Any CPU
		{0320432A-5C23-4238-99BA-D498956C2B60}.Debug|Any CPU.ActiveCfg = Debug|Any CPU
		{0320432A-5C23-4238-99BA-D498956C2B60}.Debug|Any CPU.Build.0 = Debug|Any CPU
		{0320432A-5C23-4238-99BA-D498956C2B60}.Debug|iPhone.ActiveCfg = Debug|Any CPU
		{0320432A-5C23-4238-99BA-D498956C2B60}.Debug|iPhone.Build.0 = Debug|Any CPU
		{0320432A-5C23-4238-99BA-D498956C2B60}.Debug|iPhoneSimulator.ActiveCfg = Debug|Any CPU
		{0320432A-5C23-4238-99BA-D498956C2B60}.Debug|iPhoneSimulator.Build.0 = Debug|Any CPU
		{0320432A-5C23-4238-99BA-D498956C2B60}.EasyTest|Any CPU.ActiveCfg = Debug|Any CPU
		{0320432A-5C23-4238-99BA-D498956C2B60}.EasyTest|Any CPU.Build.0 = Debug|Any CPU
		{0320432A-5C23-4238-99BA-D498956C2B60}.EasyTest|iPhone.ActiveCfg = Debug|Any CPU
		{0320432A-5C23-4238-99BA-D498956C2B60}.EasyTest|iPhone.Build.0 = Debug|Any CPU
		{0320432A-5C23-4238-99BA-D498956C2B60}.EasyTest|iPhoneSimulator.ActiveCfg = Debug|Any CPU
		{0320432A-5C23-4238-99BA-D498956C2B60}.EasyTest|iPhoneSimulator.Build.0 = Debug|Any CPU
		{0320432A-5C23-4238-99BA-D498956C2B60}.Release|Any CPU.ActiveCfg = Release|Any CPU
		{0320432A-5C23-4238-99BA-D498956C2B60}.Release|Any CPU.Build.0 = Release|Any CPU
		{0320432A-5C23-4238-99BA-D498956C2B60}.Release|iPhone.ActiveCfg = Release|Any CPU
		{0320432A-5C23-4238-99BA-D498956C2B60}.Release|iPhone.Build.0 = Release|Any CPU
		{0320432A-5C23-4238-99BA-D498956C2B60}.Release|iPhoneSimulator.ActiveCfg = Release|Any CPU
		{0320432A-5C23-4238-99BA-D498956C2B60}.Release|iPhoneSimulator.Build.0 = Release|Any CPU
		{0C587957-9F61-4AB5-A628-D720202696F6}.Ad-Hoc|Any CPU.ActiveCfg = Debug|Any CPU
		{0C587957-9F61-4AB5-A628-D720202696F6}.Ad-Hoc|Any CPU.Build.0 = Debug|Any CPU
		{0C587957-9F61-4AB5-A628-D720202696F6}.Ad-Hoc|iPhone.ActiveCfg = Debug|Any CPU
		{0C587957-9F61-4AB5-A628-D720202696F6}.Ad-Hoc|iPhone.Build.0 = Debug|Any CPU
		{0C587957-9F61-4AB5-A628-D720202696F6}.Ad-Hoc|iPhoneSimulator.ActiveCfg = Debug|Any CPU
		{0C587957-9F61-4AB5-A628-D720202696F6}.Ad-Hoc|iPhoneSimulator.Build.0 = Debug|Any CPU
		{0C587957-9F61-4AB5-A628-D720202696F6}.AppStore|Any CPU.ActiveCfg = Debug|Any CPU
		{0C587957-9F61-4AB5-A628-D720202696F6}.AppStore|Any CPU.Build.0 = Debug|Any CPU
		{0C587957-9F61-4AB5-A628-D720202696F6}.AppStore|iPhone.ActiveCfg = Debug|Any CPU
		{0C587957-9F61-4AB5-A628-D720202696F6}.AppStore|iPhone.Build.0 = Debug|Any CPU
		{0C587957-9F61-4AB5-A628-D720202696F6}.AppStore|iPhoneSimulator.ActiveCfg = Debug|Any CPU
		{0C587957-9F61-4AB5-A628-D720202696F6}.AppStore|iPhoneSimulator.Build.0 = Debug|Any CPU
		{0C587957-9F61-4AB5-A628-D720202696F6}.Debug|Any CPU.ActiveCfg = Debug|Any CPU
		{0C587957-9F61-4AB5-A628-D720202696F6}.Debug|Any CPU.Build.0 = Debug|Any CPU
		{0C587957-9F61-4AB5-A628-D720202696F6}.Debug|iPhone.ActiveCfg = Debug|Any CPU
		{0C587957-9F61-4AB5-A628-D720202696F6}.Debug|iPhone.Build.0 = Debug|Any CPU
		{0C587957-9F61-4AB5-A628-D720202696F6}.Debug|iPhoneSimulator.ActiveCfg = Debug|Any CPU
		{0C587957-9F61-4AB5-A628-D720202696F6}.Debug|iPhoneSimulator.Build.0 = Debug|Any CPU
		{0C587957-9F61-4AB5-A628-D720202696F6}.EasyTest|Any CPU.ActiveCfg = Debug|Any CPU
		{0C587957-9F61-4AB5-A628-D720202696F6}.EasyTest|Any CPU.Build.0 = Debug|Any CPU
		{0C587957-9F61-4AB5-A628-D720202696F6}.EasyTest|iPhone.ActiveCfg = Debug|Any CPU
		{0C587957-9F61-4AB5-A628-D720202696F6}.EasyTest|iPhone.Build.0 = Debug|Any CPU
		{0C587957-9F61-4AB5-A628-D720202696F6}.EasyTest|iPhoneSimulator.ActiveCfg = Debug|Any CPU
		{0C587957-9F61-4AB5-A628-D720202696F6}.EasyTest|iPhoneSimulator.Build.0 = Debug|Any CPU
		{0C587957-9F61-4AB5-A628-D720202696F6}.Release|Any CPU.ActiveCfg = Release|Any CPU
		{0C587957-9F61-4AB5-A628-D720202696F6}.Release|Any CPU.Build.0 = Release|Any CPU
		{0C587957-9F61-4AB5-A628-D720202696F6}.Release|iPhone.ActiveCfg = Release|Any CPU
		{0C587957-9F61-4AB5-A628-D720202696F6}.Release|iPhone.Build.0 = Release|Any CPU
		{0C587957-9F61-4AB5-A628-D720202696F6}.Release|iPhoneSimulator.ActiveCfg = Release|Any CPU
		{0C587957-9F61-4AB5-A628-D720202696F6}.Release|iPhoneSimulator.Build.0 = Release|Any CPU
		{E0532380-B5C3-4B35-98B2-2B0FDA1EB330}.Ad-Hoc|Any CPU.ActiveCfg = EasyTest|Any CPU
		{E0532380-B5C3-4B35-98B2-2B0FDA1EB330}.Ad-Hoc|Any CPU.Build.0 = EasyTest|Any CPU
		{E0532380-B5C3-4B35-98B2-2B0FDA1EB330}.Ad-Hoc|iPhone.ActiveCfg = EasyTest|Any CPU
		{E0532380-B5C3-4B35-98B2-2B0FDA1EB330}.Ad-Hoc|iPhone.Build.0 = EasyTest|Any CPU
		{E0532380-B5C3-4B35-98B2-2B0FDA1EB330}.Ad-Hoc|iPhoneSimulator.ActiveCfg = EasyTest|Any CPU
		{E0532380-B5C3-4B35-98B2-2B0FDA1EB330}.Ad-Hoc|iPhoneSimulator.Build.0 = EasyTest|Any CPU
		{E0532380-B5C3-4B35-98B2-2B0FDA1EB330}.AppStore|Any CPU.ActiveCfg = EasyTest|Any CPU
		{E0532380-B5C3-4B35-98B2-2B0FDA1EB330}.AppStore|Any CPU.Build.0 = EasyTest|Any CPU
		{E0532380-B5C3-4B35-98B2-2B0FDA1EB330}.AppStore|iPhone.ActiveCfg = EasyTest|Any CPU
		{E0532380-B5C3-4B35-98B2-2B0FDA1EB330}.AppStore|iPhone.Build.0 = EasyTest|Any CPU
		{E0532380-B5C3-4B35-98B2-2B0FDA1EB330}.AppStore|iPhoneSimulator.ActiveCfg = EasyTest|Any CPU
		{E0532380-B5C3-4B35-98B2-2B0FDA1EB330}.AppStore|iPhoneSimulator.Build.0 = EasyTest|Any CPU
		{E0532380-B5C3-4B35-98B2-2B0FDA1EB330}.Debug|Any CPU.ActiveCfg = Debug|Any CPU
		{E0532380-B5C3-4B35-98B2-2B0FDA1EB330}.Debug|Any CPU.Build.0 = Debug|Any CPU
		{E0532380-B5C3-4B35-98B2-2B0FDA1EB330}.Debug|iPhone.ActiveCfg = Debug|Any CPU
		{E0532380-B5C3-4B35-98B2-2B0FDA1EB330}.Debug|iPhone.Build.0 = Debug|Any CPU
		{E0532380-B5C3-4B35-98B2-2B0FDA1EB330}.Debug|iPhoneSimulator.ActiveCfg = Debug|Any CPU
		{E0532380-B5C3-4B35-98B2-2B0FDA1EB330}.Debug|iPhoneSimulator.Build.0 = Debug|Any CPU
		{E0532380-B5C3-4B35-98B2-2B0FDA1EB330}.EasyTest|Any CPU.ActiveCfg = EasyTest|Any CPU
		{E0532380-B5C3-4B35-98B2-2B0FDA1EB330}.EasyTest|Any CPU.Build.0 = EasyTest|Any CPU
		{E0532380-B5C3-4B35-98B2-2B0FDA1EB330}.EasyTest|iPhone.ActiveCfg = EasyTest|Any CPU
		{E0532380-B5C3-4B35-98B2-2B0FDA1EB330}.EasyTest|iPhone.Build.0 = EasyTest|Any CPU
		{E0532380-B5C3-4B35-98B2-2B0FDA1EB330}.EasyTest|iPhoneSimulator.ActiveCfg = EasyTest|Any CPU
		{E0532380-B5C3-4B35-98B2-2B0FDA1EB330}.EasyTest|iPhoneSimulator.Build.0 = EasyTest|Any CPU
		{E0532380-B5C3-4B35-98B2-2B0FDA1EB330}.Release|Any CPU.ActiveCfg = Release|Any CPU
		{E0532380-B5C3-4B35-98B2-2B0FDA1EB330}.Release|Any CPU.Build.0 = Release|Any CPU
		{E0532380-B5C3-4B35-98B2-2B0FDA1EB330}.Release|iPhone.ActiveCfg = Release|Any CPU
		{E0532380-B5C3-4B35-98B2-2B0FDA1EB330}.Release|iPhone.Build.0 = Release|Any CPU
		{E0532380-B5C3-4B35-98B2-2B0FDA1EB330}.Release|iPhoneSimulator.ActiveCfg = Release|Any CPU
		{E0532380-B5C3-4B35-98B2-2B0FDA1EB330}.Release|iPhoneSimulator.Build.0 = Release|Any CPU
		{0D5A8419-95A0-4230-8644-C5F1F608D5C6}.Ad-Hoc|Any CPU.ActiveCfg = EasyTest|Any CPU
		{0D5A8419-95A0-4230-8644-C5F1F608D5C6}.Ad-Hoc|Any CPU.Build.0 = EasyTest|Any CPU
		{0D5A8419-95A0-4230-8644-C5F1F608D5C6}.Ad-Hoc|iPhone.ActiveCfg = EasyTest|Any CPU
		{0D5A8419-95A0-4230-8644-C5F1F608D5C6}.Ad-Hoc|iPhone.Build.0 = EasyTest|Any CPU
		{0D5A8419-95A0-4230-8644-C5F1F608D5C6}.Ad-Hoc|iPhoneSimulator.ActiveCfg = EasyTest|Any CPU
		{0D5A8419-95A0-4230-8644-C5F1F608D5C6}.Ad-Hoc|iPhoneSimulator.Build.0 = EasyTest|Any CPU
		{0D5A8419-95A0-4230-8644-C5F1F608D5C6}.AppStore|Any CPU.ActiveCfg = EasyTest|Any CPU
		{0D5A8419-95A0-4230-8644-C5F1F608D5C6}.AppStore|Any CPU.Build.0 = EasyTest|Any CPU
		{0D5A8419-95A0-4230-8644-C5F1F608D5C6}.AppStore|iPhone.ActiveCfg = EasyTest|Any CPU
		{0D5A8419-95A0-4230-8644-C5F1F608D5C6}.AppStore|iPhone.Build.0 = EasyTest|Any CPU
		{0D5A8419-95A0-4230-8644-C5F1F608D5C6}.AppStore|iPhoneSimulator.ActiveCfg = EasyTest|Any CPU
		{0D5A8419-95A0-4230-8644-C5F1F608D5C6}.AppStore|iPhoneSimulator.Build.0 = EasyTest|Any CPU
		{0D5A8419-95A0-4230-8644-C5F1F608D5C6}.Debug|Any CPU.ActiveCfg = Debug|Any CPU
		{0D5A8419-95A0-4230-8644-C5F1F608D5C6}.Debug|Any CPU.Build.0 = Debug|Any CPU
		{0D5A8419-95A0-4230-8644-C5F1F608D5C6}.Debug|iPhone.ActiveCfg = Debug|Any CPU
		{0D5A8419-95A0-4230-8644-C5F1F608D5C6}.Debug|iPhone.Build.0 = Debug|Any CPU
		{0D5A8419-95A0-4230-8644-C5F1F608D5C6}.Debug|iPhoneSimulator.ActiveCfg = Debug|Any CPU
		{0D5A8419-95A0-4230-8644-C5F1F608D5C6}.Debug|iPhoneSimulator.Build.0 = Debug|Any CPU
		{0D5A8419-95A0-4230-8644-C5F1F608D5C6}.EasyTest|Any CPU.ActiveCfg = EasyTest|Any CPU
		{0D5A8419-95A0-4230-8644-C5F1F608D5C6}.EasyTest|Any CPU.Build.0 = EasyTest|Any CPU
		{0D5A8419-95A0-4230-8644-C5F1F608D5C6}.EasyTest|iPhone.ActiveCfg = EasyTest|Any CPU
		{0D5A8419-95A0-4230-8644-C5F1F608D5C6}.EasyTest|iPhone.Build.0 = EasyTest|Any CPU
		{0D5A8419-95A0-4230-8644-C5F1F608D5C6}.EasyTest|iPhoneSimulator.ActiveCfg = EasyTest|Any CPU
		{0D5A8419-95A0-4230-8644-C5F1F608D5C6}.EasyTest|iPhoneSimulator.Build.0 = EasyTest|Any CPU
		{0D5A8419-95A0-4230-8644-C5F1F608D5C6}.Release|Any CPU.ActiveCfg = Release|Any CPU
		{0D5A8419-95A0-4230-8644-C5F1F608D5C6}.Release|Any CPU.Build.0 = Release|Any CPU
		{0D5A8419-95A0-4230-8644-C5F1F608D5C6}.Release|iPhone.ActiveCfg = Release|Any CPU
		{0D5A8419-95A0-4230-8644-C5F1F608D5C6}.Release|iPhone.Build.0 = Release|Any CPU
		{0D5A8419-95A0-4230-8644-C5F1F608D5C6}.Release|iPhoneSimulator.ActiveCfg = Release|Any CPU
		{0D5A8419-95A0-4230-8644-C5F1F608D5C6}.Release|iPhoneSimulator.Build.0 = Release|Any CPU
		{936DF8C0-17A7-422A-9260-FE5052B75CB1}.Ad-Hoc|Any CPU.ActiveCfg = EasyTest|Any CPU
		{936DF8C0-17A7-422A-9260-FE5052B75CB1}.Ad-Hoc|Any CPU.Build.0 = EasyTest|Any CPU
		{936DF8C0-17A7-422A-9260-FE5052B75CB1}.Ad-Hoc|iPhone.ActiveCfg = EasyTest|Any CPU
		{936DF8C0-17A7-422A-9260-FE5052B75CB1}.Ad-Hoc|iPhone.Build.0 = EasyTest|Any CPU
		{936DF8C0-17A7-422A-9260-FE5052B75CB1}.Ad-Hoc|iPhoneSimulator.ActiveCfg = EasyTest|Any CPU
		{936DF8C0-17A7-422A-9260-FE5052B75CB1}.Ad-Hoc|iPhoneSimulator.Build.0 = EasyTest|Any CPU
		{936DF8C0-17A7-422A-9260-FE5052B75CB1}.AppStore|Any CPU.ActiveCfg = EasyTest|Any CPU
		{936DF8C0-17A7-422A-9260-FE5052B75CB1}.AppStore|Any CPU.Build.0 = EasyTest|Any CPU
		{936DF8C0-17A7-422A-9260-FE5052B75CB1}.AppStore|iPhone.ActiveCfg = EasyTest|Any CPU
		{936DF8C0-17A7-422A-9260-FE5052B75CB1}.AppStore|iPhone.Build.0 = EasyTest|Any CPU
		{936DF8C0-17A7-422A-9260-FE5052B75CB1}.AppStore|iPhoneSimulator.ActiveCfg = EasyTest|Any CPU
		{936DF8C0-17A7-422A-9260-FE5052B75CB1}.AppStore|iPhoneSimulator.Build.0 = EasyTest|Any CPU
		{936DF8C0-17A7-422A-9260-FE5052B75CB1}.Debug|Any CPU.ActiveCfg = Debug|Any CPU
		{936DF8C0-17A7-422A-9260-FE5052B75CB1}.Debug|Any CPU.Build.0 = Debug|Any CPU
		{936DF8C0-17A7-422A-9260-FE5052B75CB1}.Debug|iPhone.ActiveCfg = Debug|Any CPU
		{936DF8C0-17A7-422A-9260-FE5052B75CB1}.Debug|iPhone.Build.0 = Debug|Any CPU
		{936DF8C0-17A7-422A-9260-FE5052B75CB1}.Debug|iPhoneSimulator.ActiveCfg = Debug|Any CPU
		{936DF8C0-17A7-422A-9260-FE5052B75CB1}.Debug|iPhoneSimulator.Build.0 = Debug|Any CPU
		{936DF8C0-17A7-422A-9260-FE5052B75CB1}.EasyTest|Any CPU.ActiveCfg = EasyTest|Any CPU
		{936DF8C0-17A7-422A-9260-FE5052B75CB1}.EasyTest|Any CPU.Build.0 = EasyTest|Any CPU
		{936DF8C0-17A7-422A-9260-FE5052B75CB1}.EasyTest|iPhone.ActiveCfg = EasyTest|Any CPU
		{936DF8C0-17A7-422A-9260-FE5052B75CB1}.EasyTest|iPhone.Build.0 = EasyTest|Any CPU
		{936DF8C0-17A7-422A-9260-FE5052B75CB1}.EasyTest|iPhoneSimulator.ActiveCfg = EasyTest|Any CPU
		{936DF8C0-17A7-422A-9260-FE5052B75CB1}.EasyTest|iPhoneSimulator.Build.0 = EasyTest|Any CPU
		{936DF8C0-17A7-422A-9260-FE5052B75CB1}.Release|Any CPU.ActiveCfg = Release|Any CPU
		{936DF8C0-17A7-422A-9260-FE5052B75CB1}.Release|Any CPU.Build.0 = Release|Any CPU
		{936DF8C0-17A7-422A-9260-FE5052B75CB1}.Release|iPhone.ActiveCfg = Release|Any CPU
		{936DF8C0-17A7-422A-9260-FE5052B75CB1}.Release|iPhone.Build.0 = Release|Any CPU
		{936DF8C0-17A7-422A-9260-FE5052B75CB1}.Release|iPhoneSimulator.ActiveCfg = Release|Any CPU
		{936DF8C0-17A7-422A-9260-FE5052B75CB1}.Release|iPhoneSimulator.Build.0 = Release|Any CPU
	EndGlobalSection
	GlobalSection(SolutionProperties) = preSolution
		HideSolutionNode = FALSE
	EndGlobalSection
	GlobalSection(NestedProjects) = preSolution
		{1DCED6B0-8A52-4F79-ABD6-F13C00434E61} = {3E0050C5-CDD9-4BD5-925C-954FCD2ED526}
		{58C97A0E-06FC-41A6-BAF2-0FDA36A20798} = {3E0050C5-CDD9-4BD5-925C-954FCD2ED526}
		{2591D1C3-A58C-49C1-872D-D5385C1CC984} = {3E0050C5-CDD9-4BD5-925C-954FCD2ED526}
		{0C587957-9F61-4AB5-A628-D720202696F6} = {D65F01F4-5F68-4DFD-87DB-324A2F13A586}
		{E0532380-B5C3-4B35-98B2-2B0FDA1EB330} = {7926E92A-B8DC-4735-88AF-5BFEC12BC9EE}
		{0D5A8419-95A0-4230-8644-C5F1F608D5C6} = {7926E92A-B8DC-4735-88AF-5BFEC12BC9EE}
		{936DF8C0-17A7-422A-9260-FE5052B75CB1} = {7926E92A-B8DC-4735-88AF-5BFEC12BC9EE}
	EndGlobalSection
	GlobalSection(ExtensibilityGlobals) = postSolution
		SolutionGuid = {951F8C5E-76E1-4BB6-905B-664F2727F60E}
	EndGlobalSection
EndGlobal
